
Microsoft Visual Studio Solution File, Format Version 12.00
# Visual Studio 15
VisualStudioVersion = 15.0.28307.1500
MinimumVisualStudioVersion = 10.0.40219.1
Project("{FAE04EC0-301F-11D3-BF4B-00C04F79EFBC}") = "MindTheWorkset", "MindTheWorkset.csproj", "{DA7FFEB2-FB3B-46F2-B251-A32AE4C27468}"
EndProject
Global
	GlobalSection(SolutionConfigurationPlatforms) = preSolution
		Debug|Any CPU = Debug|Any CPU
		Release|Any CPU = Release|Any CPU
	EndGlobalSection
	GlobalSection(ProjectConfigurationPlatforms) = postSolution
		{DA7FFEB2-FB3B-46F2-B251-A32AE4C27468}.Debug|Any CPU.ActiveCfg = Debug|Any CPU
		{DA7FFEB2-FB3B-46F2-B251-A32AE4C27468}.Debug|Any CPU.Build.0 = Debug|Any CPU
		{DA7FFEB2-FB3B-46F2-B251-A32AE4C27468}.Release|Any CPU.ActiveCfg = Release|Any CPU
		{DA7FFEB2-FB3B-46F2-B251-A32AE4C27468}.Release|Any CPU.Build.0 = Release|Any CPU
	EndGlobalSection
	GlobalSection(SolutionProperties) = preSolution
		HideSolutionNode = FALSE
	EndGlobalSection
	GlobalSection(ExtensibilityGlobals) = postSolution
		SolutionGuid = {25DD4F8C-149B-41F7-A8A2-E7B8ABF3D4C7}
	EndGlobalSection
EndGlobal
